
Microsoft Visual Studio Solution File, Format Version 12.00
# Visual Studio Version 17
VisualStudioVersion = 17.14.36301.6 d17.14
MinimumVisualStudioVersion = 10.0.40219.1
Project("{F184B08F-C81C-45F6-A57F-5ABD9991F28F}") = "sistemaInventario", "sistemaInventario.vbproj", "{5505132C-94F5-4BBD-99EA-1BAB4C508A1C}"
EndProject
Global
	GlobalSection(SolutionConfigurationPlatforms) = preSolution
		Debug|Any CPU = Debug|Any CPU
		Release|Any CPU = Release|Any CPU
	EndGlobalSection
	GlobalSection(ProjectConfigurationPlatforms) = postSolution
		{5505132C-94F5-4BBD-99EA-1BAB4C508A1C}.Debug|Any CPU.ActiveCfg = Debug|Any CPU
		{5505132C-94F5-4BBD-99EA-1BAB4C508A1C}.Debug|Any CPU.Build.0 = Debug|Any CPU
		{5505132C-94F5-4BBD-99EA-1BAB4C508A1C}.Release|Any CPU.ActiveCfg = Release|Any CPU
		{5505132C-94F5-4BBD-99EA-1BAB4C508A1C}.Release|Any CPU.Build.0 = Release|Any CPU
	EndGlobalSection
	GlobalSection(SolutionProperties) = preSolution
		HideSolutionNode = FALSE
	EndGlobalSection
	GlobalSection(ExtensibilityGlobals) = postSolution
		SolutionGuid = {12A24467-D8B6-4F00-845B-B5F8CA91B70C}
	EndGlobalSection
EndGlobal
